
Microsoft Visual Studio Solution File, Format Version 12.00
# Visual Studio Version 16
VisualStudioVersion = 16.0.31424.327
MinimumVisualStudioVersion = 10.0.40219.1
Project("{FAE04EC0-301F-11D3-BF4B-00C04F79EFBC}") = "İleriPersonel", "İleriPersonel\İleriPersonel.csproj", "{B3B6DABE-6549-406F-A114-CA49C9E0B279}"
EndProject
Global
	GlobalSection(SolutionConfigurationPlatforms) = preSolution
		Debug|Any CPU = Debug|Any CPU
		Release|Any CPU = Release|Any CPU
	EndGlobalSection
	GlobalSection(ProjectConfigurationPlatforms) = postSolution
		{B3B6DABE-6549-406F-A114-CA49C9E0B279}.Debug|Any CPU.ActiveCfg = Debug|Any CPU
		{B3B6DABE-6549-406F-A114-CA49C9E0B279}.Debug|Any CPU.Build.0 = Debug|Any CPU
		{B3B6DABE-6549-406F-A114-CA49C9E0B279}.Release|Any CPU.ActiveCfg = Release|Any CPU
		{B3B6DABE-6549-406F-A114-CA49C9E0B279}.Release|Any CPU.Build.0 = Release|Any CPU
	EndGlobalSection
	GlobalSection(SolutionProperties) = preSolution
		HideSolutionNode = FALSE
	EndGlobalSection
	GlobalSection(ExtensibilityGlobals) = postSolution
		SolutionGuid = {88F95B7B-7141-4AE9-988A-76A90AF2D36F}
	EndGlobalSection
EndGlobal
